
Microsoft Visual Studio Solution File, Format Version 12.00
# Visual Studio Version 17
VisualStudioVersion = 17.7.34024.191
MinimumVisualStudioVersion = 10.0.40219.1
Project("{FAE04EC0-301F-11D3-BF4B-00C04F79EFBC}") = "Spg.TypesDemo.App", "src\Spg.TypesDemo.App\Spg.TypesDemo.App.csproj", "{CB05F54E-A2C7-45CA-80EC-5D65B2FF3A0D}"
EndProject
Project("{FAE04EC0-301F-11D3-BF4B-00C04F79EFBC}") = "Spg.TypesDemo.DoaminModel", "src\Spg.TypesDemo.DoaminModel\Spg.TypesDemo.DoaminModel.csproj", "{30315043-4947-4519-A897-02AB2CEEBEFD}"
EndProject
Global
	GlobalSection(SolutionConfigurationPlatforms) = preSolution
		Debug|Any CPU = Debug|Any CPU
		Release|Any CPU = Release|Any CPU
	EndGlobalSection
	GlobalSection(ProjectConfigurationPlatforms) = postSolution
		{CB05F54E-A2C7-45CA-80EC-5D65B2FF3A0D}.Debug|Any CPU.ActiveCfg = Debug|Any CPU
		{CB05F54E-A2C7-45CA-80EC-5D65B2FF3A0D}.Debug|Any CPU.Build.0 = Debug|Any CPU
		{CB05F54E-A2C7-45CA-80EC-5D65B2FF3A0D}.Release|Any CPU.ActiveCfg = Release|Any CPU
		{CB05F54E-A2C7-45CA-80EC-5D65B2FF3A0D}.Release|Any CPU.Build.0 = Release|Any CPU
		{30315043-4947-4519-A897-02AB2CEEBEFD}.Debug|Any CPU.ActiveCfg = Debug|Any CPU
		{30315043-4947-4519-A897-02AB2CEEBEFD}.Debug|Any CPU.Build.0 = Debug|Any CPU
		{30315043-4947-4519-A897-02AB2CEEBEFD}.Release|Any CPU.ActiveCfg = Release|Any CPU
		{30315043-4947-4519-A897-02AB2CEEBEFD}.Release|Any CPU.Build.0 = Release|Any CPU
	EndGlobalSection
	GlobalSection(SolutionProperties) = preSolution
		HideSolutionNode = FALSE
	EndGlobalSection
	GlobalSection(ExtensibilityGlobals) = postSolution
		SolutionGuid = {9C82E085-E1B4-43A8-8F84-CE172C36312B}
	EndGlobalSection
EndGlobal
